{
    "_meta": {
        "hash": {
            "sha256": "1e37af3cb09835c3bf7ee0955e805ed496f1d212989b1be234c445915fd5873e"
        },
        "pipfile-spec": 6,
        "requires": {
            "python_version": "3.7"
        },
        "sources": [
            {
                "name": "pypi",
                "url": "https://pypi.python.org/simple",
                "verify_ssl": true
            }
        ]
    },
    "default": {
        "cachetools": {
            "hashes": [
                "sha256:89ea6f1b638d5a73a4f9226be57ac5e4f399d22770b92355f92dcb0f7f001693",
                "sha256:92971d3cb7d2a97efff7c7bb1657f21a8f5fb309a37530537c71b1774189f2d1"
            ],
            "markers": "python_version ~= '3.5'",
            "version": "==4.2.4"
        },
        "certifi": {
            "hashes": [
                "sha256:35824b4c3a97115964b408844d64aa14db1cc518f6562e8d7261699d1350a9e3",
                "sha256:4ad3232f5e926d6718ec31cfc1fcadfde020920e278684144551c91769c7bc18"
            ],
            "index": "pypi",
            "version": "==2022.12.7"
        },
        "chardet": {
            "hashes": [
                "sha256:84ab92ed1c4d4f16916e05906b6b75a6c0fb5db821cc65e70cbd64a3e2a5eaae",
                "sha256:fc323ffcaeaed0e0a02bf4d117757b98aed530d9ed4531e3e15460124c106691"
            ],
            "version": "==3.0.4"
        },
        "google-api-core": {
            "extras": [
                "grpc"
            ],
            "hashes": [
                "sha256:6fb380f49d19ee1d09a9722d0379042b7edb06c0112e4796c7a395078a043e71",
                "sha256:7421474c39d396a74dfa317dddbc69188f2336835f526087c7648f91105e32ff"
            ],
            "markers": "python_version >= '3.7'",
            "version": "==1.34.0"
        },
        "google-auth": {
            "hashes": [
                "sha256:997516b42ecb5b63e8d80f5632c1a61dddf41d2a4c2748057837e06e00014258",
                "sha256:b7033be9028c188ee30200b204ea00ed82ea1162e8ac1df4aa6ded19a191d88e"
            ],
            "markers": "python_version >= '2.7' and python_version not in '3.0, 3.1, 3.2, 3.3, 3.4, 3.5'",
            "version": "==1.35.0"
        },
        "google-cloud-bigquery": {
            "hashes": [
                "sha256:561ce97339639550fdd4b4cdd58d6ac4cf61e3943027b14fe45a264c29ff0d63",
                "sha256:7db1ed26436ae7e659a74d972f0da1914114004aab66f8af813ce47ff833f35c"
            ],
            "index": "pypi",
            "version": "==1.18.0"
        },
        "google-cloud-core": {
            "hashes": [
                "sha256:d5af737c60a73b9588a0511332ac0cdc6294ad8e477c7b82be03a1afc7c3f7b6",
                "sha256:dfa40e9d75a825632103326cc52617e3652658c17c6f7360448388d6c9d009fe"
            ],
            "markers": "python_version >= '2.7' and python_version not in '3.0, 3.1, 3.2, 3.3, 3.4, 3.5'",
            "version": "==1.7.3"
        },
        "google-cloud-pubsub": {
            "hashes": [
                "sha256:260ec6ab8bf8fe9d21cb11b445160eeead0d6578978afbe48769c7088c702be9",
                "sha256:44074123276fd040fce246e408280d90d530b936012490ec6e6547868564659d"
            ],
            "index": "pypi",
            "version": "==0.45.0"
        },
        "google-cloud-storage": {
            "hashes": [
                "sha256:6be20fdfb51b857174e2c859b8b2fde85aefd61464909f3959c0e2f259edd694",
                "sha256:9fb3dc68948f4c893c2b16f5a3db3daea2d2f3b8e9d5c2d505fe1523758009b6"
            ],
            "index": "pypi",
            "version": "==1.18.0"
        },
        "google-crc32c": {
            "hashes": [
                "sha256:024894d9d3cfbc5943f8f230e23950cd4906b2fe004c72e29b209420a1e6b05a",
                "sha256:02c65b9817512edc6a4ae7c7e987fea799d2e0ee40c53ec573a692bee24de876",
                "sha256:02ebb8bf46c13e36998aeaad1de9b48f4caf545e91d14041270d9dca767b780c",
                "sha256:07eb3c611ce363c51a933bf6bd7f8e3878a51d124acfc89452a75120bc436289",
                "sha256:1034d91442ead5a95b5aaef90dbfaca8633b0247d1e41621d1e9f9db88c36298",
                "sha256:116a7c3c616dd14a3de8c64a965828b197e5f2d121fedd2f8c5585c547e87b02",
                "sha256:19e0a019d2c4dcc5e598cd4a4bc7b008546b0358bd322537c74ad47a5386884f",
                "sha256:1c7abdac90433b09bad6c43a43af253e688c9cfc1c86d332aed13f9a7c7f65e2",
                "sha256:1e986b206dae4476f41bcec1faa057851f3889503a70e1bdb2378d406223994a",
                "sha256:272d3892a1e1a2dbc39cc5cde96834c236d5327e2122d3aaa19f6614531bb6eb",
                "sha256:278d2ed7c16cfc075c91378c4f47924c0625f5fc84b2d50d921b18b7975bd210",
                "sha256:2ad40e31093a4af319dadf503b2467ccdc8f67c72e4bcba97f8c10cb078207b5",
                "sha256:2e920d506ec85eb4ba50cd4228c2bec05642894d4c73c59b3a2fe20346bd00ee",
                "sha256:3359fc442a743e870f4588fcf5dcbc1bf929df1fad8fb9905cd94e5edb02e84c",
                "sha256:37933ec6e693e51a5b07505bd05de57eee12f3e8c32b07da7e73669398e6630a",
                "sha256:398af5e3ba9cf768787eef45c803ff9614cc3e22a5b2f7d7ae116df8b11e3314",
                "sha256:3b747a674c20a67343cb61d43fdd9207ce5da6a99f629c6e2541aa0e89215bcd",
                "sha256:461665ff58895f508e2866824a47bdee72497b091c730071f2b7575d5762ab65",
                "sha256:4c6fdd4fccbec90cc8a01fc00773fcd5fa28db683c116ee3cb35cd5da9ef6c37",
                "sha256:5829b792bf5822fd0a6f6eb34c5f81dd074f01d570ed7f36aa101d6fc7a0a6e4",
                "sha256:596d1f98fc70232fcb6590c439f43b350cb762fb5d61ce7b0e9db4539654cc13",
                "sha256:5ae44e10a8e3407dbe138984f21e536583f2bba1be9491239f942c2464ac0894",
                "sha256:635f5d4dd18758a1fbd1049a8e8d2fee4ffed124462d837d1a02a0e009c3ab31",
                "sha256:64e52e2b3970bd891309c113b54cf0e4384762c934d5ae56e283f9a0afcd953e",
                "sha256:66741ef4ee08ea0b2cc3c86916ab66b6aef03768525627fd6a1b34968b4e3709",
                "sha256:67b741654b851abafb7bc625b6d1cdd520a379074e64b6a128e3b688c3c04740",
                "sha256:6ac08d24c1f16bd2bf5eca8eaf8304812f44af5cfe5062006ec676e7e1d50afc",
                "sha256:6f998db4e71b645350b9ac28a2167e6632c239963ca9da411523bb439c5c514d",
                "sha256:72218785ce41b9cfd2fc1d6a017dc1ff7acfc4c17d01053265c41a2c0cc39b8c",
                "sha256:74dea7751d98034887dbd821b7aae3e1d36eda111d6ca36c206c44478035709c",
                "sha256:759ce4851a4bb15ecabae28f4d2e18983c244eddd767f560165563bf9aefbc8d",
                "sha256:77e2fd3057c9d78e225fa0a2160f96b64a824de17840351b26825b0848022906",
                "sha256:7c074fece789b5034b9b1404a1f8208fc2d4c6ce9decdd16e8220c5a793e6f61",
                "sha256:7c42c70cd1d362284289c6273adda4c6af8039a8ae12dc451dcd61cdabb8ab57",
                "sha256:7f57f14606cd1dd0f0de396e1e53824c371e9544a822648cd76c034d209b559c",
                "sha256:83c681c526a3439b5cf94f7420471705bbf96262f49a6fe546a6db5f687a3d4a",
                "sha256:8485b340a6a9e76c62a7dce3c98e5f102c9219f4cfbf896a00cf48caf078d438",
                "sha256:84e6e8cd997930fc66d5bb4fde61e2b62ba19d62b7abd7a69920406f9ecca946",
                "sha256:89284716bc6a5a415d4eaa11b1726d2d60a0cd12aadf5439828353662ede9dd7",
                "sha256:8b87e1a59c38f275c0e3676fc2ab6d59eccecfd460be267ac360cc31f7bcde96",
                "sha256:8f24ed114432de109aa9fd317278518a5af2d31ac2ea6b952b2f7782b43da091",
                "sha256:98cb4d057f285bd80d8778ebc4fde6b4d509ac3f331758fb1528b733215443ae",
                "sha256:998679bf62b7fb599d2878aa3ed06b9ce688b8974893e7223c60db155f26bd8d",
                "sha256:9ba053c5f50430a3fcfd36f75aff9caeba0440b2d076afdb79a318d6ca245f88",
                "sha256:9c99616c853bb585301df6de07ca2cadad344fd1ada6d62bb30aec05219c45d2",
                "sha256:a1fd716e7a01f8e717490fbe2e431d2905ab8aa598b9b12f8d10abebb36b04dd",
                "sha256:a2355cba1f4ad8b6988a4ca3feed5bff33f6af2d7f134852cf279c2aebfde541",
                "sha256:b1f8133c9a275df5613a451e73f36c2aea4fe13c5c8997e22cf355ebd7bd0728",
                "sha256:b8667b48e7a7ef66afba2c81e1094ef526388d35b873966d8a9a447974ed9178",
                "sha256:ba1eb1843304b1e5537e1fca632fa894d6f6deca8d6389636ee5b4797affb968",
                "sha256:be82c3c8cfb15b30f36768797a640e800513793d6ae1724aaaafe5bf86f8f346",
                "sha256:c02ec1c5856179f171e032a31d6f8bf84e5a75c45c33b2e20a3de353b266ebd8",
                "sha256:c672d99a345849301784604bfeaeba4db0c7aae50b95be04dd651fd2a7310b93",
                "sha256:c6c777a480337ac14f38564ac88ae82d4cd238bf293f0a22295b66eb89ffced7",
                "sha256:cae0274952c079886567f3f4f685bcaf5708f0a23a5f5216fdab71f81a6c0273",
                "sha256:cd67cf24a553339d5062eff51013780a00d6f97a39ca062781d06b3a73b15462",
                "sha256:d3515f198eaa2f0ed49f8819d5732d70698c3fa37384146079b3799b97667a94",
                "sha256:d5280312b9af0976231f9e317c20e4a61cd2f9629b7bfea6a693d1878a264ebd",
                "sha256:de06adc872bcd8c2a4e0dc51250e9e65ef2ca91be023b9d13ebd67c2ba552e1e",
                "sha256:e1674e4307fa3024fc897ca774e9c7562c957af85df55efe2988ed9056dc4e57",
                "sha256:e2096eddb4e7c7bdae4bd69ad364e55e07b8316653234a56552d9c988bd2d61b",
                "sha256:e560628513ed34759456a416bf86b54b2476c59144a9138165c9a1575801d0d9",
                "sha256:edfedb64740750e1a3b16152620220f51d58ff1b4abceb339ca92e934775c27a",
                "sha256:f13cae8cc389a440def0c8c52057f37359014ccbc9dc1f0827936bcd367c6100",
                "sha256:f314013e7dcd5cf45ab1945d92e713eec788166262ae8deb2cfacd53def27325",
                "sha256:f583edb943cf2e09c60441b910d6a20b4d9d626c75a36c8fcac01a6c96c01183",
                "sha256:fd8536e902db7e365f49e7d9029283403974ccf29b13fc7028b97e2295b33556",
                "sha256:fe70e325aa68fa4b5edf7d1a4b6f691eb04bbccac0ace68e34820d283b5f80d4"
            ],
            "markers": "python_version >= '3.7'",
            "version": "==1.5.0"
        },
        "google-resumable-media": {
            "hashes": [
                "sha256:2aa004c16d295c8f6c33b2b4788ba59d366677c0a25ae7382436cb30f776deaa",
                "sha256:8d5518502f92b9ecc84ac46779bd4f09694ecb3ba38a3e7ca737a86d15cbca1f"
            ],
            "markers": "python_version >= '3.7'",
            "version": "==2.4.0"
        },
        "googleapis-common-protos": {
            "extras": [

            ],
            "hashes": [
                "sha256:27a849d6205838fb6cc3c1c21cb9800707a661bb21c6ce7fb13e99eb1f8a0c46",
                "sha256:a9f4a1d7f6d9809657b7f1316a1aa527f6664891531bcfcc13b6696e685f443c"
            ],
            "markers": "python_version >= '3.7'",
            "version": "==1.57.0"
        },
        "grpc-google-iam-v1": {
            "hashes": [
                "sha256:312801ae848aeb8408c099ea372b96d253077e7851aae1a9e745df984f81f20c",
                "sha256:3f0ac2c940b9a855d7ce7e31fde28bddb0d9ac362d32d07c67148306931a0e30"
            ],
            "markers": "python_version >= '3.6'",
            "version": "==0.12.4"
        },
        "grpcio": {
            "hashes": [
                "sha256:094e64236253590d9d4075665c77b329d707b6fca864dd62b144255e199b4f87",
                "sha256:0dc5354e38e5adf2498312f7241b14c7ce3484eefa0082db4297189dcbe272e6",
                "sha256:0e1a9e1b4a23808f1132aa35f968cd8e659f60af3ffd6fb00bcf9a65e7db279f",
                "sha256:0fb93051331acbb75b49a2a0fd9239c6ba9528f6bdc1dd400ad1cb66cf864292",
                "sha256:16c71740640ba3a882f50b01bf58154681d44b51f09a5728180a8fdc66c67bd5",
                "sha256:172405ca6bdfedd6054c74c62085946e45ad4d9cec9f3c42b4c9a02546c4c7e9",
                "sha256:17ec9b13cec4a286b9e606b48191e560ca2f3bbdf3986f91e480a95d1582e1a7",
                "sha256:22b011674090594f1f3245960ced7386f6af35485a38901f8afee8ad01541dbd",
                "sha256:24ac1154c4b2ab4a0c5326a76161547e70664cd2c39ba75f00fc8a2170964ea2",
                "sha256:257478300735ce3c98d65a930bbda3db172bd4e00968ba743e6a1154ea6edf10",
                "sha256:29cb97d41a4ead83b7bcad23bdb25bdd170b1e2cba16db6d3acbb090bc2de43c",
                "sha256:2b170eaf51518275c9b6b22ccb59450537c5a8555326fd96ff7391b5dd75303c",
                "sha256:31bb6bc7ff145e2771c9baf612f4b9ebbc9605ccdc5f3ff3d5553de7fc0e0d79",
                "sha256:3c2b3842dcf870912da31a503454a33a697392f60c5e2697c91d133130c2c85d",
                "sha256:3f9b0023c2c92bebd1be72cdfca23004ea748be1813a66d684d49d67d836adde",
                "sha256:471d39d3370ca923a316d49c8aac66356cea708a11e647e3bdc3d0b5de4f0a40",
                "sha256:49d680356a975d9c66a678eb2dde192d5dc427a7994fb977363634e781614f7c",
                "sha256:4c4423ea38a7825b8fed8934d6d9aeebdf646c97e3c608c3b0bcf23616f33877",
                "sha256:506b9b7a4cede87d7219bfb31014d7b471cfc77157da9e820a737ec1ea4b0663",
                "sha256:538d981818e49b6ed1e9c8d5e5adf29f71c4e334e7d459bf47e9b7abb3c30e09",
                "sha256:59dffade859f157bcc55243714d57b286da6ae16469bf1ac0614d281b5f49b67",
                "sha256:5a6ebcdef0ef12005d56d38be30f5156d1cb3373b52e96f147f4a24b0ddb3a9d",
                "sha256:5dca372268c6ab6372d37d6b9f9343e7e5b4bc09779f819f9470cd88b2ece3c3",
                "sha256:6df3b63538c362312bc5fa95fb965069c65c3ea91d7ce78ad9c47cab57226f54",
                "sha256:6f0b89967ee11f2b654c23b27086d88ad7bf08c0b3c2a280362f28c3698b2896",
                "sha256:75e29a90dc319f0ad4d87ba6d20083615a00d8276b51512e04ad7452b5c23b04",
                "sha256:7942b32a291421460d6a07883033e392167d30724aa84987e6956cd15f1a21b9",
                "sha256:9235dcd5144a83f9ca6f431bd0eccc46b90e2c22fe27b7f7d77cabb2fb515595",
                "sha256:97d67983189e2e45550eac194d6234fc38b8c3b5396c153821f2d906ed46e0ce",
                "sha256:9ff42c5620b4e4530609e11afefa4a62ca91fa0abb045a8957e509ef84e54d30",
                "sha256:a8a0b77e992c64880e6efbe0086fe54dfc0bbd56f72a92d9e48264dcd2a3db98",
                "sha256:aacb54f7789ede5cbf1d007637f792d3e87f1c9841f57dd51abf89337d1b8472",
                "sha256:bc59f7ba87972ab236f8669d8ca7400f02a0eadf273ca00e02af64d588046f02",
                "sha256:cc2bece1737b44d878cc1510ea04469a8073dbbcdd762175168937ae4742dfb3",
                "sha256:cd3baccea2bc5c38aeb14e5b00167bd4e2373a373a5e4d8d850bd193edad150c",
                "sha256:dad6533411d033b77f5369eafe87af8583178efd4039c41d7515d3336c53b4f1",
                "sha256:e223a9793522680beae44671b9ed8f6d25bbe5ddf8887e66aebad5e0686049ef",
                "sha256:e473525c28251558337b5c1ad3fa969511e42304524a4e404065e165b084c9e4",
                "sha256:e4ef09f8997c4be5f3504cefa6b5c6cc3cf648274ce3cede84d4342a35d76db6",
                "sha256:e6dfc2b6567b1c261739b43d9c59d201c1b89e017afd9e684d85aa7a186c9f7a",
                "sha256:eacad297ea60c72dd280d3353d93fb1dcca952ec11de6bb3c49d12a572ba31dd",
                "sha256:f1158bccbb919da42544a4d3af5d9296a3358539ffa01018307337365a9a0c64",
                "sha256:f1fec3abaf274cdb85bf3878167cfde5ad4a4d97c68421afda95174de85ba813",
                "sha256:f96ace1540223f26fbe7c4ebbf8a98e3929a6aa0290c8033d12526847b291c0f",
                "sha256:fbdbe9a849854fe484c00823f45b7baab159bdd4a46075302281998cb8719df5"
            ],
            "version": "==1.51.1"
        },
        "grpcio-status": {
            "hashes": [
                "sha256:2c33bbdbe20188b2953f46f31af669263b6ee2a9b2d38fa0d36ee091532e21bf",
                "sha256:53695f45da07437b7c344ee4ef60d370fd2850179f5a28bb26d8e2aa1102ec11"
            ],
            "version": "==1.48.2"
        },
        "idna": {
            "hashes": [
                "sha256:c357b3f628cf53ae2c4c05627ecc484553142ca23264e593d327bcde5e9c3407",
                "sha256:ea8b7f6188e6fa117537c3df7da9fc686d485087abf6ac197f9c46432f7e4a3c"
            ],
            "version": "==2.8"
        },
        "peewee": {
            "hashes": [
                "sha256:35bc7a1373b7e5c55fa984e852cddaff9e353a42cbb0b5e0c41a5060928fd192"
            ],
            "index": "pypi",
            "version": "==3.10.0"
        },
        "protobuf": {
            "hashes": [
                "sha256:03038ac1cfbc41aa21f6afcbcd357281d7521b4157926f30ebecc8d4ea59dcb7",
                "sha256:28545383d61f55b57cf4df63eebd9827754fd2dc25f80c5253f9184235db242c",
                "sha256:2e3427429c9cffebf259491be0af70189607f365c2f41c7c3764af6f337105f2",
                "sha256:398a9e0c3eaceb34ec1aee71894ca3299605fa8e761544934378bbc6c97de23b",
                "sha256:44246bab5dd4b7fbd3c0c80b6f16686808fab0e4aca819ade6e8d294a29c7050",
                "sha256:447d43819997825d4e71bf5769d869b968ce96848b6479397e29fc24c4a5dfe9",
                "sha256:67a3598f0a2dcbc58d02dd1928544e7d88f764b47d4a286202913f0b2801c2e7",
                "sha256:74480f79a023f90dc6e18febbf7b8bac7508420f2006fabd512013c0c238f454",
                "sha256:819559cafa1a373b7096a482b504ae8a857c89593cf3a25af743ac9ecbd23480",
                "sha256:899dc660cd599d7352d6f10d83c95df430a38b410c1b66b407a6b29265d66469",
                "sha256:8c0c984a1b8fef4086329ff8dd19ac77576b384079247c770f29cc8ce3afa06c",
                "sha256:9aae4406ea63d825636cc11ffb34ad3379335803216ee3a856787bcf5ccc751e",
                "sha256:a7ca6d488aa8ff7f329d4c545b2dbad8ac31464f1d8b1c87ad1346717731e4db",
                "sha256:b6cc7ba72a8850621bfec987cb72623e703b7fe2b9127a161ce61e61558ad905",
                "sha256:bf01b5720be110540be4286e791db73f84a2b721072a3711efff6c324cdf074b",
                "sha256:c02ce36ec760252242a33967d51c289fd0e1c0e6e5cc9397e2279177716add86",
                "sha256:d9e4432ff660d67d775c66ac42a67cf2453c27cb4d738fc22cb53b5d84c135d4",
                "sha256:daa564862dd0d39c00f8086f88700fdbe8bc717e993a21e90711acfed02f2402",
                "sha256:de78575669dddf6099a8a0f46a27e82a1783c557ccc38ee620ed8cc96d3be7d7",
                "sha256:e64857f395505ebf3d2569935506ae0dfc4a15cb80dc25261176c784662cdcc4",
                "sha256:f4bd856d702e5b0d96a00ec6b307b0f51c1982c2bf9c0052cf9019e9a544ba99",
                "sha256:f4c42102bc82a51108e449cbb32b19b180022941c727bac0cfd50170341f16ee"
            ],
            "markers": "python_version >= '3.7'",
            "version": "==3.20.3"
        },
        "pyasn1": {
            "hashes": [
                "sha256:014c0e9976956a08139dc0712ae195324a75e142284d5f87f1a87ee1b068a359",
                "sha256:03840c999ba71680a131cfaee6fab142e1ed9bbd9c693e285cc6aca0d555e576",
                "sha256:0458773cfe65b153891ac249bcf1b5f8f320b7c2ce462151f8fa74de8934becf",
                "sha256:08c3c53b75eaa48d71cf8c710312316392ed40899cb34710d092e96745a358b7",
                "sha256:39c7e2ec30515947ff4e87fb6f456dfc6e84857d34be479c9d4a4ba4bf46aa5d",
                "sha256:5c9414dcfede6e441f7e8f81b43b34e834731003427e5b09e4e00e3172a10f00",
                "sha256:6e7545f1a61025a4e58bb336952c5061697da694db1cae97b116e9c46abcf7c8",
                "sha256:78fa6da68ed2727915c4767bb386ab32cdba863caa7dbe473eaae45f9959da86",
                "sha256:7ab8a544af125fb704feadb008c99a88805126fb525280b2270bb25cc1d78a12",
                "sha256:99fcc3c8d804d1bc6d9a099921e39d827026409a58f2a720dcdb89374ea0c776",
                "sha256:aef77c9fb94a3ac588e87841208bdec464471d9871bd5050a287cc9a475cd0ba",
                "sha256:e89bf84b5437b532b0803ba5c9a5e054d21fec423a89952a74f87fa2c9b7bce2",
                "sha256:fec3e9d8e36808a28efb59b489e4528c10ad0f480e57dcc32b4de5c9d8c9fdf3"
            ],
            "version": "==0.4.8"
        },
        "pyasn1-modules": {
            "hashes": [
                "sha256:0845a5582f6a02bb3e1bde9ecfc4bfcae6ec3210dd270522fee602365430c3f8",
                "sha256:0fe1b68d1e486a1ed5473f1302bd991c1611d319bba158e98b106ff86e1d7199",
                "sha256:15b7c67fabc7fc240d87fb9aabf999cf82311a6d6fb2c70d00d3d0604878c811",
                "sha256:426edb7a5e8879f1ec54a1864f16b882c2837bfd06eee62f2c982315ee2473ed",
                "sha256:65cebbaffc913f4fe9e4808735c95ea22d7a7775646ab690518c056784bc21b4",
                "sha256:905f84c712230b2c592c19470d3ca8d552de726050d1d1716282a1f6146be65e",
                "sha256:a50b808ffeb97cb3601dd25981f6b016cbb3d31fbf57a8b8a87428e6158d0c74",
                "sha256:a99324196732f53093a84c4369c996713eb8c89d360a496b599fb1a9c47fc3eb",
                "sha256:b80486a6c77252ea3a3e9b1e360bc9cf28eaac41263d173c032581ad2f20fe45",
                "sha256:c29a5e5cc7a3f05926aff34e097e84f8589cd790ce0ed41b67aed6857b26aafd",
                "sha256:cbac4bc38d117f2a49aeedec4407d23e8866ea4ac27ff2cf7fb3e5b570df19e0",
                "sha256:f39edd8c4ecaa4556e989147ebf219227e2cd2e8a43c7e7fcb1f1c18c5fd6a3d",
                "sha256:fe0644d9ab041506b62782e92b06b8c68cca799e1a9636ec398675459e031405"
            ],
            "version": "==0.2.8"
        },
        "python-dateutil": {
            "hashes": [
                "sha256:7e6584c74aeed623791615e26efd690f29817a27c73085b78e4bad02493df2fb",
                "sha256:c89805f6f4d64db21ed966fda138f8a5ed7a4fdbc1a8ee329ce1b74e3c74da9e"
            ],
            "index": "pypi",
            "version": "==2.8.0"
        },
        "pytz": {
            "hashes": [
                "sha256:26c0b32e437e54a18161324a2fca3c4b9846b74a8dccddd843113109e1116b32",
                "sha256:c894d57500a4cd2d5c71114aaab77dbab5eabd9022308ce5ac9bb93a60a6f0c7"
            ],
            "index": "pypi",
            "version": "==2019.2"
        },
        "requests": {
            "hashes": [
                "sha256:11e007a8a2aa0323f5a921e9e6a2d7e4e67d9877e85773fba9ba6419025cbeb4",
                "sha256:9cf5292fcd0f598c671cfc1e0d7d1a7f13bb8085e9a590f48c010551dc6c4b31"
            ],
            "index": "pypi",
            "version": "==2.22.0"
        },
        "rsa": {
            "hashes": [
                "sha256:90260d9058e514786967344d0ef75fa8727eed8a7d2e43ce9f4bcf1b536174f7",
                "sha256:e38464a49c6c85d7f1351b0126661487a7e0a14a50f1675ec50eb34d4f20ef21"
            ],
            "markers": "python_version >= '3.6'",
            "version": "==4.9"
        },
        "setuptools": {
            "hashes": [
                "sha256:57f6f22bde4e042978bcd50176fdb381d7c21a9efa4041202288d3737a0c6a54",
                "sha256:a7620757bf984b58deaf32fc8a4577a9bbc0850cf92c20e1ce41c38c19e5fb75"
            ],
            "markers": "python_version >= '3.7'",
            "version": "==65.6.3"
        },
        "six": {
            "hashes": [
                "sha256:1e61c37477a1626458e36f7b1d82aa5c9b094fa4802892072e49de9c60c4c926",
                "sha256:8abb2f1d86890a2dfb989f9a77cfcfd3e47c2a354b01111771326f8aa26e0254"
            ],
            "markers": "python_version >= '2.7' and python_version not in '3.0, 3.1, 3.2, 3.3'",
            "version": "==1.16.0"
        },
        "urllib3": {
            "hashes": [
                "sha256:8d7eaa5a82a1cac232164990f04874c594c9453ec55eef02eab885aa02fc17a2",
                "sha256:f5321fbe4bf3fefa0efd0bfe7fb14e90909eb62a48ccda331726b4319897dd5e"
            ],
            "markers": "python_version >= '2.7' and python_version not in '3.0, 3.1, 3.2, 3.3, 3.4' and python_version < '4'",
            "version": "==1.25.11"
        }
    },
    "develop": {
        "astroid": {
            "hashes": [
                "sha256:10e0ad5f7b79c435179d0d0f0df69998c4eef4597534aae44910db060baeb907",
                "sha256:1493fe8bd3dfd73dc35bd53c9d5b6e49ead98497c47b2307662556a5692d29d7"
            ],
            "markers": "python_full_version >= '3.7.2'",
            "version": "==2.12.13"
        },
        "atomicwrites": {
            "hashes": [
                "sha256:81b2c9071a49367a7f770170e5eec8cb66567cfbbc8c73d20ce5ca4a8d71cf11"
            ],
            "version": "==1.4.1"
        },
        "attrs": {
            "hashes": [
                "sha256:29adc2665447e5191d0e7c568fde78b21f9672d344281d0c6e1ab085429b22b6",
                "sha256:86efa402f67bf2df34f51a335487cf46b1ec130d02b8d39fd248abfd30da551c"
            ],
            "markers": "python_version >= '3.5'",
            "version": "==22.1.0"
        },
        "certifi": {
            "hashes": [
                "sha256:35824b4c3a97115964b408844d64aa14db1cc518f6562e8d7261699d1350a9e3",
                "sha256:4ad3232f5e926d6718ec31cfc1fcadfde020920e278684144551c91769c7bc18"
            ],
            "index": "pypi",
            "version": "==2022.12.7"
        },
        "charset-normalizer": {
            "hashes": [
                "sha256:5a3d016c7c547f69d6f81fb0db9449ce888b418b5b9952cc5e6e66843e9dd845",
                "sha256:83e9a75d1911279afd89352c68b45348559d1fc0506b054b346651b5e7fee29f"
            ],
            "markers": "python_version >= '3.6'",
            "version": "==2.1.1"
        },
        "coverage": {
            "hashes": [
                "sha256:08907593569fe59baca0bf152c43f3863201efb6113ecb38ce7e97ce339805a6",
                "sha256:0be0f1ed45fc0c185cfd4ecc19a1d6532d72f86a2bac9de7e24541febad72650",
                "sha256:141f08ed3c4b1847015e2cd62ec06d35e67a3ac185c26f7635f4406b90afa9c5",
                "sha256:19e4df788a0581238e9390c85a7a09af39c7b539b29f25c89209e6c3e371270d",
                "sha256:23cc09ed395b03424d1ae30dcc292615c1372bfba7141eb85e11e50efaa6b351",
                "sha256:245388cda02af78276b479f299bbf3783ef0a6a6273037d7c60dc73b8d8d7755",
                "sha256:331cb5115673a20fb131dadd22f5bcaf7677ef758741312bee4937d71a14b2ef",
                "sha256:386e2e4090f0bc5df274e720105c342263423e77ee8826002dcffe0c9533dbca",
                "sha256:3a794ce50daee01c74a494919d5ebdc23d58873747fa0e288318728533a3e1ca",
                "sha256:60851187677b24c6085248f0a0b9b98d49cba7ecc7ec60ba6b9d2e5574ac1ee9",
                "sha256:63a9a5fc43b58735f65ed63d2cf43508f462dc49857da70b8980ad78d41d52fc",
                "sha256:6b62544bb68106e3f00b21c8930e83e584fdca005d4fffd29bb39fb3ffa03cb5",
                "sha256:6ba744056423ef8d450cf627289166da65903885272055fb4b5e113137cfa14f",
                "sha256:7494b0b0274c5072bddbfd5b4a6c6f18fbbe1ab1d22a41e99cd2d00c8f96ecfe",
                "sha256:826f32b9547c8091679ff292a82aca9c7b9650f9fda3e2ca6bf2ac905b7ce888",
                "sha256:93715dffbcd0678057f947f496484e906bf9509f5c1c38fc9ba3922893cda5f5",
                "sha256:9a334d6c83dfeadae576b4d633a71620d40d1c379129d587faa42ee3e2a85cce",
                "sha256:af7ed8a8aa6957aac47b4268631fa1df984643f07ef00acd374e456364b373f5",
                "sha256:bf0a7aed7f5521c7ca67febd57db473af4762b9622254291fbcbb8cd0ba5e33e",
                "sha256:bf1ef9eb901113a9805287e090452c05547578eaab1b62e4ad456fcc049a9b7e",
                "sha256:c0afd27bc0e307a1ffc04ca5ec010a290e49e3afbe841c5cafc5c5a80ecd81c9",
                "sha256:dd579709a87092c6dbee09d1b7cfa81831040705ffa12a1b248935274aee0437",
                "sha256:df6712284b2e44a065097846488f66840445eb987eb81b3cc6e4149e7b6982e1",
                "sha256:e07d9f1a23e9e93ab5c62902833bf3e4b1f65502927379148b6622686223125c",
                "sha256:e2ede7c1d45e65e209d6093b762e98e8318ddeff95317d07a27a2140b80cfd24",
                "sha256:e4ef9c164eb55123c62411f5936b5c2e521b12356037b6e1c2617cef45523d47",
                "sha256:eca2b7343524e7ba246cab8ff00cab47a2d6d54ada3b02772e908a45675722e2",
                "sha256:eee64c616adeff7db37cc37da4180a3a5b6177f5c46b187894e633f088fb5b28",
                "sha256:ef824cad1f980d27f26166f86856efe11eff9912c4fed97d3804820d43fa550c",
                "sha256:efc89291bd5a08855829a3c522df16d856455297cf35ae827a37edac45f466a7",
                "sha256:fa964bae817babece5aa2e8c1af841bebb6d0b9add8e637548809d040443fee0",
                "sha256:ff37757e068ae606659c28c3bd0d923f9d29a85de79bf25b2b34b148473b5025"
            ],
            "index": "pypi",
            "version": "==4.5.4"
        },
        "idna": {
            "hashes": [
                "sha256:c357b3f628cf53ae2c4c05627ecc484553142ca23264e593d327bcde5e9c3407",
                "sha256:ea8b7f6188e6fa117537c3df7da9fc686d485087abf6ac197f9c46432f7e4a3c"
            ],
            "version": "==2.8"
        },
        "importlib-metadata": {
            "hashes": [
                "sha256:d5059f9f1e8e41f80e9c56c2ee58811450c31984dfa625329ffd7c0dad88a73b",
                "sha256:d84d17e21670ec07990e1044a99efe8d615d860fd176fc29ef5c306068fda313"
            ],
            "markers": "python_version >= '3.7'",
            "version": "==5.1.0"
        },
        "isort": {
            "hashes": [
                "sha256:54da7e92468955c4fceacd0c86bd0ec997b0e1ee80d97f67c35a78b719dccab1",
                "sha256:6e811fcb295968434526407adb8796944f1988c5b65e8139058f2014cbe100fd"
            ],
            "index": "pypi",
            "version": "==4.3.21"
        },
        "lazy-object-proxy": {
            "hashes": [
                "sha256:0c1c7c0433154bb7c54185714c6929acc0ba04ee1b167314a779b9025517eada",
                "sha256:14010b49a2f56ec4943b6cf925f597b534ee2fe1f0738c84b3bce0c1a11ff10d",
                "sha256:4e2d9f764f1befd8bdc97673261b8bb888764dfdbd7a4d8f55e4fbcabb8c3fb7",
                "sha256:4fd031589121ad46e293629b39604031d354043bb5cdf83da4e93c2d7f3389fe",
                "sha256:5b51d6f3bfeb289dfd4e95de2ecd464cd51982fe6f00e2be1d0bf94864d58acd",
                "sha256:6850e4aeca6d0df35bb06e05c8b934ff7c533734eb51d0ceb2d63696f1e6030c",
                "sha256:6f593f26c470a379cf7f5bc6db6b5f1722353e7bf937b8d0d0b3fba911998858",
                "sha256:71d9ae8a82203511a6f60ca5a1b9f8ad201cac0fc75038b2dc5fa519589c9288",
                "sha256:7e1561626c49cb394268edd00501b289053a652ed762c58e1081224c8d881cec",
                "sha256:8f6ce2118a90efa7f62dd38c7dbfffd42f468b180287b748626293bf12ed468f",
                "sha256:ae032743794fba4d171b5b67310d69176287b5bf82a21f588282406a79498891",
                "sha256:afcaa24e48bb23b3be31e329deb3f1858f1f1df86aea3d70cb5c8578bfe5261c",
                "sha256:b70d6e7a332eb0217e7872a73926ad4fdc14f846e85ad6749ad111084e76df25",
                "sha256:c219a00245af0f6fa4e95901ed28044544f50152840c5b6a3e7b2568db34d156",
                "sha256:ce58b2b3734c73e68f0e30e4e725264d4d6be95818ec0a0be4bb6bf9a7e79aa8",
                "sha256:d176f392dbbdaacccf15919c77f526edf11a34aece58b55ab58539807b85436f",
                "sha256:e20bfa6db17a39c706d24f82df8352488d2943a3b7ce7d4c22579cb89ca8896e",
                "sha256:eac3a9a5ef13b332c059772fd40b4b1c3d45a3a2b05e33a361dee48e54a4dad0",
                "sha256:eb329f8d8145379bf5dbe722182410fe8863d186e51bf034d2075eb8d85ee25b"
            ],
            "markers": "python_version >= '3.7'",
            "version": "==1.8.0"
        },
        "mccabe": {
            "hashes": [
                "sha256:ab8a6258860da4b6677da4bd2fe5dc2c659cff31b3ee4f7f5d64e79735b80d42",
                "sha256:dd8d182285a0fe56bace7f45b5e7d1a6ebcbf524e8f3bd87eb0f125271b8831f"
            ],
            "version": "==0.6.1"
        },
        "more-itertools": {
            "hashes": [
                "sha256:250e83d7e81d0c87ca6bd942e6aeab8cc9daa6096d12c5308f3f92fa5e5c1f41",
                "sha256:5a6257e40878ef0520b1803990e3e22303a41b5714006c32a3fd8304b26ea1ab"
            ],
            "markers": "python_version > '2.7'",
            "version": "==9.0.0"
        },
        "mypy": {
            "hashes": [
                "sha256:0107bff4f46a289f0e4081d59b77cef1c48ea43da5a0dbf0005d54748b26df2a",
                "sha256:07957f5471b3bb768c61f08690c96d8a09be0912185a27a68700f3ede99184e4",
                "sha256:10af62f87b6921eac50271e667cc234162a194e742d8e02fc4ddc121e129a5b0",
                "sha256:11fd60d2f69f0cefbe53ce551acf5b1cec1a89e7ce2d47b4e95a84eefb2899ae",
                "sha256:15e43d3b1546813669bd1a6ec7e6a11d2888db938e0607f7b5eef6b976671339",
                "sha256:352c24ba054a89bb9a35dd064ee95ab9b12903b56c72a8d3863d882e2632dc76",
                "sha256:437020a39417e85e22ea8edcb709612903a9924209e10b3ec6d8c9f05b79f498",
                "sha256:49925f9da7cee47eebf3420d7c0e00ec662ec6abb2780eb0a16260a7ba25f9c4",
                "sha256:6724fcd5777aa6cebfa7e644c526888c9d639bd22edd26b2a8038c674a7c34bd",
                "sha256:7a17613f7ea374ab64f39f03257f22b5755335b73251d0d253687a69029701ba",
                "sha256:cdc1151ced496ca1496272da7fc356580e95f2682be1d32377c22ddebdf73c91"
            ],
            "index": "pypi",
            "version": "==0.720"
        },
        "mypy-extensions": {
            "hashes": [
                "sha256:090fedd75945a69ae91ce1303b5824f428daf5a028d2f6ab8a299250a846f15d",
                "sha256:2d82818f5bb3e369420cb3c4060a7970edba416647068eb4c5343488a6c604a8"
            ],
            "version": "==0.4.3"
        },
        "packaging": {
            "hashes": [
                "sha256:2198ec20bd4c017b8f9717e00f0c8714076fc2fd93816750ab48e2c41de2cfd3",
                "sha256:957e2148ba0e1a3b282772e791ef1d8083648bc131c8ab0c1feba110ce1146c3"
            ],
            "markers": "python_version >= '3.7'",
            "version": "==22.0"
        },
        "pluggy": {
            "hashes": [
                "sha256:15b2acde666561e1298d71b523007ed7364de07029219b604cf808bfa1c765b0",
                "sha256:966c145cd83c96502c3c3868f50408687b38434af77734af1e9ca461a4081d2d"
            ],
            "markers": "python_version >= '2.7' and python_version not in '3.0, 3.1, 3.2, 3.3'",
            "version": "==0.13.1"
        },
        "py": {
            "hashes": [
                "sha256:51c75c4126074b472f746a24399ad32f6053d1b34b68d2fa41e558e6f4a98719",
                "sha256:607c53218732647dff4acdfcd50cb62615cedf612e72d1724fb1a0cc6405b378"
            ],
            "markers": "python_version >= '2.7' and python_version not in '3.0, 3.1, 3.2, 3.3, 3.4'",
            "version": "==1.11.0"
        },
        "pycodestyle": {
            "hashes": [
                "sha256:95a2219d12372f05704562a14ec30bc76b05a5b297b21a5dfe3f6fac3491ae56",
                "sha256:e40a936c9a450ad81df37f549d676d127b1b66000a6c500caa2b085bc0ca976c"
            ],
            "index": "pypi",
            "version": "==2.5.0"
        },
        "pylint": {
            "hashes": [
                "sha256:5d77031694a5fb97ea95e828c8d10fc770a1df6eb3906067aaed42201a8a6a09",
                "sha256:723e3db49555abaf9bf79dc474c6b9e2935ad82230b10c1138a71ea41ac0fff1"
            ],
            "index": "pypi",
            "version": "==2.3.1"
        },
        "pytest": {
            "hashes": [
                "sha256:8fc39199bdda3d9d025d3b1f4eb99a192c20828030ea7c9a0d2840721de7d347",
                "sha256:d100a02770f665f5dcf7e3f08202db29857fee6d15f34c942be0a511f39814f0"
            ],
            "index": "pypi",
            "version": "==4.6.5"
        },
        "requests": {
            "hashes": [
                "sha256:11e007a8a2aa0323f5a921e9e6a2d7e4e67d9877e85773fba9ba6419025cbeb4",
                "sha256:9cf5292fcd0f598c671cfc1e0d7d1a7f13bb8085e9a590f48c010551dc6c4b31"
            ],
            "index": "pypi",
            "version": "==2.22.0"
        },
        "responses": {
            "hashes": [
                "sha256:502d9c0c8008439cfcdef7e251f507fcfdd503b56e8c0c87c3c3e3393953f790",
                "sha256:97193c0183d63fba8cd3a041c75464e4b09ea0aff6328800d1546598567dde0b"
            ],
            "index": "pypi",
            "version": "==0.10.6"
        },
        "six": {
            "hashes": [
                "sha256:1e61c37477a1626458e36f7b1d82aa5c9b094fa4802892072e49de9c60c4c926",
                "sha256:8abb2f1d86890a2dfb989f9a77cfcfd3e47c2a354b01111771326f8aa26e0254"
            ],
            "markers": "python_version >= '2.7' and python_version not in '3.0, 3.1, 3.2, 3.3'",
            "version": "==1.16.0"
        },
        "typed-ast": {
            "hashes": [
                "sha256:01ae5f73431d21eead5015997ab41afa53aa1fbe252f9da060be5dad2c730ace",
                "sha256:067a74454df670dcaa4e59349a2e5c81e567d8d65458d480a5b3dfecec08c5ff",
                "sha256:0fb71b8c643187d7492c1f8352f2c15b4c4af3f6338f21681d3681b3dc31a266",
                "sha256:1b3ead4a96c9101bef08f9f7d1217c096f31667617b58de957f690c92378b528",
                "sha256:2068531575a125b87a41802130fa7e29f26c09a2833fea68d9a40cf33902eba6",
                "sha256:209596a4ec71d990d71d5e0d312ac935d86930e6eecff6ccc7007fe54d703808",
                "sha256:2c726c276d09fc5c414693a2de063f521052d9ea7c240ce553316f70656c84d4",
                "sha256:398e44cd480f4d2b7ee8d98385ca104e35c81525dd98c519acff1b79bdaac363",
                "sha256:52b1eb8c83f178ab787f3a4283f68258525f8d70f778a2f6dd54d3b5e5fb4341",
                "sha256:5feca99c17af94057417d744607b82dd0a664fd5e4ca98061480fd8b14b18d04",
                "sha256:7538e495704e2ccda9b234b82423a4038f324f3a10c43bc088a1636180f11a41",
                "sha256:760ad187b1041a154f0e4d0f6aae3e40fdb51d6de16e5c99aedadd9246450e9e",
                "sha256:777a26c84bea6cd934422ac2e3b78863a37017618b6e5c08f92ef69853e765d3",
                "sha256:95431a26309a21874005845c21118c83991c63ea800dd44843e42a916aec5899",
                "sha256:9ad2c92ec681e02baf81fdfa056fe0d818645efa9af1f1cd5fd6f1bd2bdfd805",
                "sha256:9c6d1a54552b5330bc657b7ef0eae25d00ba7ffe85d9ea8ae6540d2197a3788c",
                "sha256:aee0c1256be6c07bd3e1263ff920c325b59849dc95392a05f258bb9b259cf39c",
                "sha256:af3d4a73793725138d6b334d9d247ce7e5f084d96284ed23f22ee626a7b88e39",
                "sha256:b36b4f3920103a25e1d5d024d155c504080959582b928e91cb608a65c3a49e1a",
                "sha256:b9574c6f03f685070d859e75c7f9eeca02d6933273b5e69572e5ff9d5e3931c3",
                "sha256:bff6ad71c81b3bba8fa35f0f1921fb24ff4476235a6e94a26ada2e54370e6da7",
                "sha256:c190f0899e9f9f8b6b7863debfb739abcb21a5c054f911ca3596d12b8a4c4c7f",
                "sha256:c907f561b1e83e93fad565bac5ba9c22d96a54e7ea0267c708bffe863cbe4075",
                "sha256:cae53c389825d3b46fb37538441f75d6aecc4174f615d048321b716df2757fb0",
                "sha256:dd4a21253f42b8d2b48410cb31fe501d32f8b9fbeb1f55063ad102fe9c425e40",
                "sha256:dde816ca9dac1d9c01dd504ea5967821606f02e510438120091b84e852367428",
                "sha256:f2362f3cb0f3172c42938946dbc5b7843c2a28aec307c49100c8b38764eb6927",
                "sha256:f328adcfebed9f11301eaedfa48e15bdece9b519fb27e6a8c01aa52a17ec31b3",
                "sha256:f8afcf15cc511ada719a88e013cec87c11aff7b91f019295eb4530f96fe5ef2f",
                "sha256:fb1bbeac803adea29cedd70781399c99138358c26d05fcbd23c13016b7f5ec65"
            ],
            "markers": "implementation_name == 'cpython'",
            "version": "==1.4.3"
        },
        "typing-extensions": {
            "hashes": [
                "sha256:1511434bb92bf8dd198c12b1cc812e800d4181cfcb867674e0f8279cc93087aa",
                "sha256:16fa4864408f655d35ec496218b85f79b3437c829e93320c7c9215ccfd92489e"
            ],
            "markers": "python_version >= '3.7'",
            "version": "==4.4.0"
        },
        "urllib3": {
            "hashes": [
                "sha256:8d7eaa5a82a1cac232164990f04874c594c9453ec55eef02eab885aa02fc17a2",
                "sha256:f5321fbe4bf3fefa0efd0bfe7fb14e90909eb62a48ccda331726b4319897dd5e"
            ],
            "markers": "python_version >= '2.7' and python_version not in '3.0, 3.1, 3.2, 3.3, 3.4' and python_version < '4'",
            "version": "==1.25.11"
        },
        "wcwidth": {
            "hashes": [
                "sha256:beb4802a9cebb9144e99086eff703a642a13d6a0052920003a230f3294bbe784",
                "sha256:c4d647b99872929fdb7bdcaa4fbe7f01413ed3d98077df798530e5b04f116c83"
            ],
            "version": "==0.2.5"
        },
        "wrapt": {
            "hashes": [
                "sha256:00b6d4ea20a906c0ca56d84f93065b398ab74b927a7a3dbd470f6fc503f95dc3",
                "sha256:01c205616a89d09827986bc4e859bcabd64f5a0662a7fe95e0d359424e0e071b",
                "sha256:02b41b633c6261feff8ddd8d11c711df6842aba629fdd3da10249a53211a72c4",
                "sha256:07f7a7d0f388028b2df1d916e94bbb40624c59b48ecc6cbc232546706fac74c2",
                "sha256:11871514607b15cfeb87c547a49bca19fde402f32e2b1c24a632506c0a756656",
                "sha256:1b376b3f4896e7930f1f772ac4b064ac12598d1c38d04907e696cc4d794b43d3",
                "sha256:21ac0156c4b089b330b7666db40feee30a5d52634cc4560e1905d6529a3897ff",
                "sha256:257fd78c513e0fb5cdbe058c27a0624c9884e735bbd131935fd49e9fe719d310",
                "sha256:2b39d38039a1fdad98c87279b48bc5dce2c0ca0d73483b12cb72aa9609278e8a",
                "sha256:2cf71233a0ed05ccdabe209c606fe0bac7379fdcf687f39b944420d2a09fdb57",
                "sha256:2fe803deacd09a233e4762a1adcea5db5d31e6be577a43352936179d14d90069",
                "sha256:3232822c7d98d23895ccc443bbdf57c7412c5a65996c30442ebe6ed3df335383",
                "sha256:34aa51c45f28ba7f12accd624225e2b1e5a3a45206aa191f6f9aac931d9d56fe",
                "sha256:36f582d0c6bc99d5f39cd3ac2a9062e57f3cf606ade29a0a0d6b323462f4dd87",
                "sha256:380a85cf89e0e69b7cfbe2ea9f765f004ff419f34194018a6827ac0e3edfed4d",
                "sha256:40e7bc81c9e2b2734ea4bc1aceb8a8f0ceaac7c5299bc5d69e37c44d9081d43b",
                "sha256:43ca3bbbe97af00f49efb06e352eae40434ca9d915906f77def219b88e85d907",
                "sha256:4fcc4649dc762cddacd193e6b55bc02edca674067f5f98166d7713b193932b7f",
                "sha256:5a0f54ce2c092aaf439813735584b9537cad479575a09892b8352fea5e988dc0",
                "sha256:5a9a0d155deafd9448baff28c08e150d9b24ff010e899311ddd63c45c2445e28",
                "sha256:5b02d65b9ccf0ef6c34cba6cf5bf2aab1bb2f49c6090bafeecc9cd81ad4ea1c1",
                "sha256:60db23fa423575eeb65ea430cee741acb7c26a1365d103f7b0f6ec412b893853",
                "sha256:642c2e7a804fcf18c222e1060df25fc210b9c58db7c91416fb055897fc27e8cc",
                "sha256:6a9a25751acb379b466ff6be78a315e2b439d4c94c1e99cb7266d40a537995d3",
                "sha256:6b1a564e6cb69922c7fe3a678b9f9a3c54e72b469875aa8018f18b4d1dd1adf3",
                "sha256:6d323e1554b3d22cfc03cd3243b5bb815a51f5249fdcbb86fda4bf62bab9e164",
                "sha256:6e743de5e9c3d1b7185870f480587b75b1cb604832e380d64f9504a0535912d1",
                "sha256:709fe01086a55cf79d20f741f39325018f4df051ef39fe921b1ebe780a66184c",
                "sha256:7b7c050ae976e286906dd3f26009e117eb000fb2cf3533398c5ad9ccc86867b1",
                "sha256:7d2872609603cb35ca513d7404a94d6d608fc13211563571117046c9d2bcc3d7",
                "sha256:7ef58fb89674095bfc57c4069e95d7a31cfdc0939e2a579882ac7d55aadfd2a1",
                "sha256:80bb5c256f1415f747011dc3604b59bc1f91c6e7150bd7db03b19170ee06b320",
                "sha256:81b19725065dcb43df02b37e03278c011a09e49757287dca60c5aecdd5a0b8ed",
                "sha256:833b58d5d0b7e5b9832869f039203389ac7cbf01765639c7309fd50ef619e0b1",
                "sha256:88bd7b6bd70a5b6803c1abf6bca012f7ed963e58c68d76ee20b9d751c74a3248",
                "sha256:8ad85f7f4e20964db4daadcab70b47ab05c7c1cf2a7c1e51087bfaa83831854c",
                "sha256:8c0ce1e99116d5ab21355d8ebe53d9460366704ea38ae4d9f6933188f327b456",
                "sha256:8d649d616e5c6a678b26d15ece345354f7c2286acd6db868e65fcc5ff7c24a77",
                "sha256:903500616422a40a98a5a3c4ff4ed9d0066f3b4c951fa286018ecdf0750194ef",
                "sha256:9736af4641846491aedb3c3f56b9bc5568d92b0692303b5a305301a95dfd38b1",
                "sha256:988635d122aaf2bdcef9e795435662bcd65b02f4f4c1ae37fbee7401c440b3a7",
                "sha256:9cca3c2cdadb362116235fdbd411735de4328c61425b0aa9f872fd76d02c4e86",
                "sha256:9e0fd32e0148dd5dea6af5fee42beb949098564cc23211a88d799e434255a1f4",
                "sha256:9f3e6f9e05148ff90002b884fbc2a86bd303ae847e472f44ecc06c2cd2fcdb2d",
                "sha256:a85d2b46be66a71bedde836d9e41859879cc54a2a04fad1191eb50c2066f6e9d",
                "sha256:a9a52172be0b5aae932bef82a79ec0a0ce87288c7d132946d645eba03f0ad8a8",
                "sha256:aa31fdcc33fef9eb2552cbcbfee7773d5a6792c137b359e82879c101e98584c5",
                "sha256:b014c23646a467558be7da3d6b9fa409b2c567d2110599b7cf9a0c5992b3b471",
                "sha256:b21bb4c09ffabfa0e85e3a6b623e19b80e7acd709b9f91452b8297ace2a8ab00",
                "sha256:b5901a312f4d14c59918c221323068fad0540e34324925c8475263841dbdfe68",
                "sha256:b9b7a708dd92306328117d8c4b62e2194d00c365f18eff11a9b53c6f923b01e3",
                "sha256:d1967f46ea8f2db647c786e78d8cc7e4313dbd1b0aca360592d8027b8508e24d",
                "sha256:d52a25136894c63de15a35bc0bdc5adb4b0e173b9c0d07a2be9d3ca64a332735",
                "sha256:d77c85fedff92cf788face9bfa3ebaa364448ebb1d765302e9af11bf449ca36d",
                "sha256:d79d7d5dc8a32b7093e81e97dad755127ff77bcc899e845f41bf71747af0c569",
                "sha256:dbcda74c67263139358f4d188ae5faae95c30929281bc6866d00573783c422b7",
                "sha256:ddaea91abf8b0d13443f6dac52e89051a5063c7d014710dcb4d4abb2ff811a59",
                "sha256:dee0ce50c6a2dd9056c20db781e9c1cfd33e77d2d569f5d1d9321c641bb903d5",
                "sha256:dee60e1de1898bde3b238f18340eec6148986da0455d8ba7848d50470a7a32fb",
                "sha256:e2f83e18fe2f4c9e7db597e988f72712c0c3676d337d8b101f6758107c42425b",
                "sha256:e3fb1677c720409d5f671e39bac6c9e0e422584e5f518bfd50aa4cbbea02433f",
                "sha256:ee2b1b1769f6707a8a445162ea16dddf74285c3964f605877a20e38545c3c462",
                "sha256:ee6acae74a2b91865910eef5e7de37dc6895ad96fa23603d1d27ea69df545015",
                "sha256:ef3f72c9666bba2bab70d2a8b79f2c6d2c1a42a7f7e2b0ec83bb2f9e383950af"
            ],
            "markers": "python_version < '3.11'",
            "version": "==1.14.1"
        },
        "zipp": {
            "hashes": [
                "sha256:83a28fcb75844b5c0cdaf5aa4003c2d728c77e05f5aeabe8e95e56727005fbaa",
                "sha256:a7a22e05929290a67401440b39690ae6563279bced5f314609d9d03798f56766"
            ],
            "markers": "python_version >= '3.7'",
            "version": "==3.11.0"
        }
    }
}
